// !$*UTF8*$!
{
	archiveVersion = 1;
	classes = {
	};
	objectVersion = 51;
	objects = {

/* Begin PBXBuildFile section */
		0402AA742607ED9D00914C1D /* FeedResponse.swift in Sources */ = {isa = PBXBuildFile; fileRef = 0402AA732607ED9D00914C1D /* FeedResponse.swift */; };
		0402AA772607F3F100914C1D /* NetworkDataFetcher.swift in Sources */ = {isa = PBXBuildFile; fileRef = 0402AA762607F3F100914C1D /* NetworkDataFetcher.swift */; };
		0438C51726062ED500F00D8F /* AuthSevice.swift in Sources */ = {isa = PBXBuildFile; fileRef = 0438C51626062ED500F00D8F /* AuthSevice.swift */; };
		0438C51D2606318500F00D8F /* AuthViewController.storyboard in Resources */ = {isa = PBXBuildFile; fileRef = 0438C51C2606318500F00D8F /* AuthViewController.storyboard */; };
		043D4E1E26049F4100FA346A /* AppDelegate.swift in Sources */ = {isa = PBXBuildFile; fileRef = 043D4E1D26049F4100FA346A /* AppDelegate.swift */; };
		043D4E2026049F4100FA346A /* SceneDelegate.swift in Sources */ = {isa = PBXBuildFile; fileRef = 043D4E1F26049F4100FA346A /* SceneDelegate.swift */; };
		043D4E2226049F4100FA346A /* AuthViewController.swift in Sources */ = {isa = PBXBuildFile; fileRef = 043D4E2126049F4100FA346A /* AuthViewController.swift */; };
		043D4E2726049F4200FA346A /* Assets.xcassets in Resources */ = {isa = PBXBuildFile; fileRef = 043D4E2626049F4200FA346A /* Assets.xcassets */; };
		043D4E2A26049F4200FA346A /* LaunchScreen.storyboard in Resources */ = {isa = PBXBuildFile; fileRef = 043D4E2826049F4200FA346A /* LaunchScreen.storyboard */; };
		049415DD260927EB004F5DF8 /* NewsFeedPresenter.swift in Sources */ = {isa = PBXBuildFile; fileRef = 049415D6260927EB004F5DF8 /* NewsFeedPresenter.swift */; };
		049415DE260927EB004F5DF8 /* NewsFeedWorker.swift in Sources */ = {isa = PBXBuildFile; fileRef = 049415D7260927EB004F5DF8 /* NewsFeedWorker.swift */; };
		049415DF260927EB004F5DF8 /* NewsFeedRouter.swift in Sources */ = {isa = PBXBuildFile; fileRef = 049415D8260927EB004F5DF8 /* NewsFeedRouter.swift */; };
		049415E0260927EB004F5DF8 /* NewsFeedModels.swift in Sources */ = {isa = PBXBuildFile; fileRef = 049415D9260927EB004F5DF8 /* NewsFeedModels.swift */; };
		049415E1260927EB004F5DF8 /* NewsFeedViewController.swift in Sources */ = {isa = PBXBuildFile; fileRef = 049415DA260927EB004F5DF8 /* NewsFeedViewController.swift */; };
		049415E2260927EB004F5DF8 /* NewsFeedInteractor.swift in Sources */ = {isa = PBXBuildFile; fileRef = 049415DB260927EB004F5DF8 /* NewsFeedInteractor.swift */; };
		049415E626092E18004F5DF8 /* NewsFeedViewController.storyboard in Resources */ = {isa = PBXBuildFile; fileRef = 049415E526092E18004F5DF8 /* NewsFeedViewController.storyboard */; };
		049415EC260A8573004F5DF8 /* NewsFeedCell.swift in Sources */ = {isa = PBXBuildFile; fileRef = 049415EB260A8573004F5DF8 /* NewsFeedCell.swift */; };
		049415F0260A85A6004F5DF8 /* NewsFeedCell.xib in Resources */ = {isa = PBXBuildFile; fileRef = 049415EF260A85A6004F5DF8 /* NewsFeedCell.xib */; };
		049E68762606A64300B17644 /* NetworkService.swift in Sources */ = {isa = PBXBuildFile; fileRef = 049E68752606A64300B17644 /* NetworkService.swift */; };
		049E68792606A65300B17644 /* Api.swift in Sources */ = {isa = PBXBuildFile; fileRef = 049E68782606A65300B17644 /* Api.swift */; };
		70F0047C5CC568CD8215EC1C /* Pods_VkNewsFeed.framework in Frameworks */ = {isa = PBXBuildFile; fileRef = 946F1E2ED2AB892D8C320FBF /* Pods_VkNewsFeed.framework */; };
/* End PBXBuildFile section */

/* Begin PBXFileReference section */
		0402AA732607ED9D00914C1D /* FeedResponse.swift */ = {isa = PBXFileReference; lastKnownFileType = sourcecode.swift; path = FeedResponse.swift; sourceTree = "<group>"; };
		0402AA762607F3F100914C1D /* NetworkDataFetcher.swift */ = {isa = PBXFileReference; lastKnownFileType = sourcecode.swift; path = NetworkDataFetcher.swift; sourceTree = "<group>"; };
		0438C51626062ED500F00D8F /* AuthSevice.swift */ = {isa = PBXFileReference; lastKnownFileType = sourcecode.swift; path = AuthSevice.swift; sourceTree = "<group>"; };
		0438C51C2606318500F00D8F /* AuthViewController.storyboard */ = {isa = PBXFileReference; lastKnownFileType = file.storyboard; path = AuthViewController.storyboard; sourceTree = "<group>"; };
		043D4E1A26049F4100FA346A /* VkNewsFeed.app */ = {isa = PBXFileReference; explicitFileType = wrapper.application; includeInIndex = 0; path = VkNewsFeed.app; sourceTree = BUILT_PRODUCTS_DIR; };
		043D4E1D26049F4100FA346A /* AppDelegate.swift */ = {isa = PBXFileReference; lastKnownFileType = sourcecode.swift; path = AppDelegate.swift; sourceTree = "<group>"; };
		043D4E1F26049F4100FA346A /* SceneDelegate.swift */ = {isa = PBXFileReference; lastKnownFileType = sourcecode.swift; path = SceneDelegate.swift; sourceTree = "<group>"; };
		043D4E2126049F4100FA346A /* AuthViewController.swift */ = {isa = PBXFileReference; lastKnownFileType = sourcecode.swift; path = AuthViewController.swift; sourceTree = "<group>"; };
		043D4E2626049F4200FA346A /* Assets.xcassets */ = {isa = PBXFileReference; lastKnownFileType = folder.assetcatalog; path = Assets.xcassets; sourceTree = "<group>"; };
		043D4E2926049F4200FA346A /* Base */ = {isa = PBXFileReference; lastKnownFileType = file.storyboard; name = Base; path = Base.lproj/LaunchScreen.storyboard; sourceTree = "<group>"; };
		043D4E2B26049F4200FA346A /* Info.plist */ = {isa = PBXFileReference; lastKnownFileType = text.plist.xml; path = Info.plist; sourceTree = "<group>"; };
		049415D6260927EB004F5DF8 /* NewsFeedPresenter.swift */ = {isa = PBXFileReference; lastKnownFileType = sourcecode.swift; path = NewsFeedPresenter.swift; sourceTree = "<group>"; };
		049415D7260927EB004F5DF8 /* NewsFeedWorker.swift */ = {isa = PBXFileReference; lastKnownFileType = sourcecode.swift; path = NewsFeedWorker.swift; sourceTree = "<group>"; };
		049415D8260927EB004F5DF8 /* NewsFeedRouter.swift */ = {isa = PBXFileReference; lastKnownFileType = sourcecode.swift; path = NewsFeedRouter.swift; sourceTree = "<group>"; };
		049415D9260927EB004F5DF8 /* NewsFeedModels.swift */ = {isa = PBXFileReference; lastKnownFileType = sourcecode.swift; path = NewsFeedModels.swift; sourceTree = "<group>"; };
		049415DA260927EB004F5DF8 /* NewsFeedViewController.swift */ = {isa = PBXFileReference; lastKnownFileType = sourcecode.swift; path = NewsFeedViewController.swift; sourceTree = "<group>"; };
		049415DB260927EB004F5DF8 /* NewsFeedInteractor.swift */ = {isa = PBXFileReference; lastKnownFileType = sourcecode.swift; path = NewsFeedInteractor.swift; sourceTree = "<group>"; };
		049415E526092E18004F5DF8 /* NewsFeedViewController.storyboard */ = {isa = PBXFileReference; lastKnownFileType = file.storyboard; path = NewsFeedViewController.storyboard; sourceTree = "<group>"; };
		049415EB260A8573004F5DF8 /* NewsFeedCell.swift */ = {isa = PBXFileReference; lastKnownFileType = sourcecode.swift; path = NewsFeedCell.swift; sourceTree = "<group>"; };
		049415EF260A85A6004F5DF8 /* NewsFeedCell.xib */ = {isa = PBXFileReference; lastKnownFileType = file.xib; path = NewsFeedCell.xib; sourceTree = "<group>"; };
		049E68752606A64300B17644 /* NetworkService.swift */ = {isa = PBXFileReference; lastKnownFileType = sourcecode.swift; path = NetworkService.swift; sourceTree = "<group>"; };
		049E68782606A65300B17644 /* Api.swift */ = {isa = PBXFileReference; lastKnownFileType = sourcecode.swift; path = Api.swift; sourceTree = "<group>"; };
		73E9A2D24142E94A0DB60588 /* Pods-VkNewsFeed.release.xcconfig */ = {isa = PBXFileReference; includeInIndex = 1; lastKnownFileType = text.xcconfig; name = "Pods-VkNewsFeed.release.xcconfig"; path = "Target Support Files/Pods-VkNewsFeed/Pods-VkNewsFeed.release.xcconfig"; sourceTree = "<group>"; };
		946F1E2ED2AB892D8C320FBF /* Pods_VkNewsFeed.framework */ = {isa = PBXFileReference; explicitFileType = wrapper.framework; includeInIndex = 0; path = Pods_VkNewsFeed.framework; sourceTree = BUILT_PRODUCTS_DIR; };
		F04CAD913DCDF42E098631E6 /* Pods-VkNewsFeed.debug.xcconfig */ = {isa = PBXFileReference; includeInIndex = 1; lastKnownFileType = text.xcconfig; name = "Pods-VkNewsFeed.debug.xcconfig"; path = "Target Support Files/Pods-VkNewsFeed/Pods-VkNewsFeed.debug.xcconfig"; sourceTree = "<group>"; };
/* End PBXFileReference section */

/* Begin PBXFrameworksBuildPhase section */
		043D4E1726049F4100FA346A /* Frameworks */ = {
			isa = PBXFrameworksBuildPhase;
			buildActionMask = 2147483647;
			files = (
				70F0047C5CC568CD8215EC1C /* Pods_VkNewsFeed.framework in Frameworks */,
			);
			runOnlyForDeploymentPostprocessing = 0;
		};
/* End PBXFrameworksBuildPhase section */

/* Begin PBXGroup section */
		0402AA722607ED7F00914C1D /* Model */ = {
			isa = PBXGroup;
			children = (
				0402AA732607ED9D00914C1D /* FeedResponse.swift */,
			);
			path = Model;
			sourceTree = "<group>";
		};
		0438C51526062EC400F00D8F /* Services layer */ = {
			isa = PBXGroup;
			children = (
				0402AA722607ED7F00914C1D /* Model */,
				0438C51626062ED500F00D8F /* AuthSevice.swift */,
				049E68752606A64300B17644 /* NetworkService.swift */,
				0402AA762607F3F100914C1D /* NetworkDataFetcher.swift */,
				049E68782606A65300B17644 /* Api.swift */,
			);
			path = "Services layer";
			sourceTree = "<group>";
		};
		043D4E1126049F4100FA346A = {
			isa = PBXGroup;
			children = (
				043D4E1C26049F4100FA346A /* VkNewsFeed */,
				043D4E1B26049F4100FA346A /* Products */,
				B8A68D29C8339FC912C80D62 /* Pods */,
				AA3772A5129234C0845D4A5E /* Frameworks */,
			);
			sourceTree = "<group>";
		};
		043D4E1B26049F4100FA346A /* Products */ = {
			isa = PBXGroup;
			children = (
				043D4E1A26049F4100FA346A /* VkNewsFeed.app */,
			);
			name = Products;
			sourceTree = "<group>";
		};
		043D4E1C26049F4100FA346A /* VkNewsFeed */ = {
			isa = PBXGroup;
			children = (
				0438C51526062EC400F00D8F /* Services layer */,
				043D4E1D26049F4100FA346A /* AppDelegate.swift */,
				043D4E1F26049F4100FA346A /* SceneDelegate.swift */,
				049415D5260927CA004F5DF8 /* NewsFeed */,
				049E686B26069DD300B17644 /* Auth */,
				043D4E2626049F4200FA346A /* Assets.xcassets */,
				043D4E2826049F4200FA346A /* LaunchScreen.storyboard */,
				043D4E2B26049F4200FA346A /* Info.plist */,
			);
			path = VkNewsFeed;
			sourceTree = "<group>";
		};
		049415D5260927CA004F5DF8 /* NewsFeed */ = {
			isa = PBXGroup;
			children = (
				049415EA260A8563004F5DF8 /* Cell */,
				049415E526092E18004F5DF8 /* NewsFeedViewController.storyboard */,
				049415DA260927EB004F5DF8 /* NewsFeedViewController.swift */,
				049415DB260927EB004F5DF8 /* NewsFeedInteractor.swift */,
				049415D6260927EB004F5DF8 /* NewsFeedPresenter.swift */,
				049415D7260927EB004F5DF8 /* NewsFeedWorker.swift */,
				049415D8260927EB004F5DF8 /* NewsFeedRouter.swift */,
				049415D9260927EB004F5DF8 /* NewsFeedModels.swift */,
			);
			path = NewsFeed;
			sourceTree = "<group>";
		};
		049415EA260A8563004F5DF8 /* Cell */ = {
			isa = PBXGroup;
			children = (
				049415EB260A8573004F5DF8 /* NewsFeedCell.swift */,
				049415EF260A85A6004F5DF8 /* NewsFeedCell.xib */,
			);
			path = Cell;
			sourceTree = "<group>";
		};
		049E686B26069DD300B17644 /* Auth */ = {
			isa = PBXGroup;
			children = (
				0438C51C2606318500F00D8F /* AuthViewController.storyboard */,
				043D4E2126049F4100FA346A /* AuthViewController.swift */,
			);
			path = Auth;
			sourceTree = "<group>";
		};
		AA3772A5129234C0845D4A5E /* Frameworks */ = {
			isa = PBXGroup;
			children = (
				946F1E2ED2AB892D8C320FBF /* Pods_VkNewsFeed.framework */,
			);
			name = Frameworks;
			sourceTree = "<group>";
		};
		B8A68D29C8339FC912C80D62 /* Pods */ = {
			isa = PBXGroup;
			children = (
				F04CAD913DCDF42E098631E6 /* Pods-VkNewsFeed.debug.xcconfig */,
				73E9A2D24142E94A0DB60588 /* Pods-VkNewsFeed.release.xcconfig */,
			);
			path = Pods;
			sourceTree = "<group>";
		};
/* End PBXGroup section */

/* Begin PBXNativeTarget section */
		043D4E1926049F4100FA346A /* VkNewsFeed */ = {
			isa = PBXNativeTarget;
			buildConfigurationList = 043D4E2E26049F4200FA346A /* Build configuration list for PBXNativeTarget "VkNewsFeed" */;
			buildPhases = (
				CD5CC4B14CB61FB6C99EF610 /* [CP] Check Pods Manifest.lock */,
				043D4E1626049F4100FA346A /* Sources */,
				043D4E1726049F4100FA346A /* Frameworks */,
				043D4E1826049F4100FA346A /* Resources */,
				DFD391BE3DEF47DE156ADEDE /* [CP] Embed Pods Frameworks */,
			);
			buildRules = (
			);
			dependencies = (
			);
			name = VkNewsFeed;
			productName = VkNewsFeed;
			productReference = 043D4E1A26049F4100FA346A /* VkNewsFeed.app */;
			productType = "com.apple.product-type.application";
		};
/* End PBXNativeTarget section */

/* Begin PBXProject section */
		043D4E1226049F4100FA346A /* Project object */ = {
			isa = PBXProject;
			attributes = {
				LastSwiftUpdateCheck = 1240;
				LastUpgradeCheck = 1240;
				TargetAttributes = {
					043D4E1926049F4100FA346A = {
						CreatedOnToolsVersion = 12.4;
					};
				};
			};
			buildConfigurationList = 043D4E1526049F4100FA346A /* Build configuration list for PBXProject "VkNewsFeed" */;
			compatibilityVersion = "Xcode 9.3";
			developmentRegion = en;
			hasScannedForEncodings = 0;
			knownRegions = (
				en,
				Base,
			);
			mainGroup = 043D4E1126049F4100FA346A;
			productRefGroup = 043D4E1B26049F4100FA346A /* Products */;
			projectDirPath = "";
			projectRoot = "";
			targets = (
				043D4E1926049F4100FA346A /* VkNewsFeed */,
			);
		};
/* End PBXProject section */

/* Begin PBXResourcesBuildPhase section */
		043D4E1826049F4100FA346A /* Resources */ = {
			isa = PBXResourcesBuildPhase;
			buildActionMask = 2147483647;
			files = (
				049415E626092E18004F5DF8 /* NewsFeedViewController.storyboard in Resources */,
				043D4E2A26049F4200FA346A /* LaunchScreen.storyboard in Resources */,
				049415F0260A85A6004F5DF8 /* NewsFeedCell.xib in Resources */,
				0438C51D2606318500F00D8F /* AuthViewController.storyboard in Resources */,
				043D4E2726049F4200FA346A /* Assets.xcassets in Resources */,
			);
			runOnlyForDeploymentPostprocessing = 0;
		};
/* End PBXResourcesBuildPhase section */

/* Begin PBXShellScriptBuildPhase section */
		CD5CC4B14CB61FB6C99EF610 /* [CP] Check Pods Manifest.lock */ = {
			isa = PBXShellScriptBuildPhase;
			buildActionMask = 2147483647;
			files = (
			);
			inputFileListPaths = (
			);
			inputPaths = (
				"${PODS_PODFILE_DIR_PATH}/Podfile.lock",
				"${PODS_ROOT}/Manifest.lock",
			);
			name = "[CP] Check Pods Manifest.lock";
			outputFileListPaths = (
			);
			outputPaths = (
				"$(DERIVED_FILE_DIR)/Pods-VkNewsFeed-checkManifestLockResult.txt",
			);
			runOnlyForDeploymentPostprocessing = 0;
			shellPath = /bin/sh;
			shellScript = "diff \"${PODS_PODFILE_DIR_PATH}/Podfile.lock\" \"${PODS_ROOT}/Manifest.lock\" > /dev/null\nif [ $? != 0 ] ; then\n    # print error to STDERR\n    echo \"error: The sandbox is not in sync with the Podfile.lock. Run 'pod install' or update your CocoaPods installation.\" >&2\n    exit 1\nfi\n# This output is used by Xcode 'outputs' to avoid re-running this script phase.\necho \"SUCCESS\" > \"${SCRIPT_OUTPUT_FILE_0}\"\n";
			showEnvVarsInLog = 0;
		};
		DFD391BE3DEF47DE156ADEDE /* [CP] Embed Pods Frameworks */ = {
			isa = PBXShellScriptBuildPhase;
			buildActionMask = 2147483647;
			files = (
			);
			inputFileListPaths = (
				"${PODS_ROOT}/Target Support Files/Pods-VkNewsFeed/Pods-VkNewsFeed-frameworks-${CONFIGURATION}-input-files.xcfilelist",
			);
			name = "[CP] Embed Pods Frameworks";
			outputFileListPaths = (
				"${PODS_ROOT}/Target Support Files/Pods-VkNewsFeed/Pods-VkNewsFeed-frameworks-${CONFIGURATION}-output-files.xcfilelist",
			);
			runOnlyForDeploymentPostprocessing = 0;
			shellPath = /bin/sh;
			shellScript = "\"${PODS_ROOT}/Target Support Files/Pods-VkNewsFeed/Pods-VkNewsFeed-frameworks.sh\"\n";
			showEnvVarsInLog = 0;
		};
/* End PBXShellScriptBuildPhase section */

/* Begin PBXSourcesBuildPhase section */
		043D4E1626049F4100FA346A /* Sources */ = {
			isa = PBXSourcesBuildPhase;
			buildActionMask = 2147483647;
			files = (
				0402AA742607ED9D00914C1D /* FeedResponse.swift in Sources */,
				049415DD260927EB004F5DF8 /* NewsFeedPresenter.swift in Sources */,
				0438C51726062ED500F00D8F /* AuthSevice.swift in Sources */,
				043D4E2226049F4100FA346A /* AuthViewController.swift in Sources */,
				049415E2260927EB004F5DF8 /* NewsFeedInteractor.swift in Sources */,
				043D4E1E26049F4100FA346A /* AppDelegate.swift in Sources */,
				049E68762606A64300B17644 /* NetworkService.swift in Sources */,
				0402AA772607F3F100914C1D /* NetworkDataFetcher.swift in Sources */,
				049415DE260927EB004F5DF8 /* NewsFeedWorker.swift in Sources */,
				049415DF260927EB004F5DF8 /* NewsFeedRouter.swift in Sources */,
				049E68792606A65300B17644 /* Api.swift in Sources */,
				043D4E2026049F4100FA346A /* SceneDelegate.swift in Sources */,
				049415E0260927EB004F5DF8 /* NewsFeedModels.swift in Sources */,
				049415EC260A8573004F5DF8 /* NewsFeedCell.swift in Sources */,
				049415E1260927EB004F5DF8 /* NewsFeedViewController.swift in Sources */,
			);
			runOnlyForDeploymentPostprocessing = 0;
		};
/* End PBXSourcesBuildPhase section */

/* Begin PBXVariantGroup section */
		043D4E2826049F4200FA346A /* LaunchScreen.storyboard */ = {
			isa = PBXVariantGroup;
			children = (
				043D4E2926049F4200FA346A /* Base */,
			);
			name = LaunchScreen.storyboard;
			sourceTree = "<group>";
		};
/* End PBXVariantGroup section */

/* Begin XCBuildConfiguration section */
		043D4E2C26049F4200FA346A /* Debug */ = {
			isa = XCBuildConfiguration;
			buildSettings = {
				ALWAYS_SEARCH_USER_PATHS = NO;
				CLANG_ANALYZER_NONNULL = YES;
				CLANG_ANALYZER_NUMBER_OBJECT_CONVERSION = YES_AGGRESSIVE;
				CLANG_CXX_LANGUAGE_STANDARD = "gnu++14";
				CLANG_CXX_LIBRARY = "libc++";
				CLANG_ENABLE_MODULES = YES;
				CLANG_ENABLE_OBJC_ARC = YES;
				CLANG_ENABLE_OBJC_WEAK = YES;
				CLANG_WARN_BLOCK_CAPTURE_AUTORELEASING = YES;
				CLANG_WARN_BOOL_CONVERSION = YES;
				CLANG_WARN_COMMA = YES;
				CLANG_WARN_CONSTANT_CONVERSION = YES;
				CLANG_WARN_DEPRECATED_OBJC_IMPLEMENTATIONS = YES;
				CLANG_WARN_DIRECT_OBJC_ISA_USAGE = YES_ERROR;
				CLANG_WARN_DOCUMENTATION_COMMENTS = YES;
				CLANG_WARN_EMPTY_BODY = YES;
				CLANG_WARN_ENUM_CONVERSION = YES;
				CLANG_WARN_INFINITE_RECURSION = YES;
				CLANG_WARN_INT_CONVERSION = YES;
				CLANG_WARN_NON_LITERAL_NULL_CONVERSION = YES;
				CLANG_WARN_OBJC_IMPLICIT_RETAIN_SELF = YES;
				CLANG_WARN_OBJC_LITERAL_CONVERSION = YES;
				CLANG_WARN_OBJC_ROOT_CLASS = YES_ERROR;
				CLANG_WARN_QUOTED_INCLUDE_IN_FRAMEWORK_HEADER = YES;
				CLANG_WARN_RANGE_LOOP_ANALYSIS = YES;
				CLANG_WARN_STRICT_PROTOTYPES = YES;
				CLANG_WARN_SUSPICIOUS_MOVE = YES;
				CLANG_WARN_UNGUARDED_AVAILABILITY = YES_AGGRESSIVE;
				CLANG_WARN_UNREACHABLE_CODE = YES;
				CLANG_WARN__DUPLICATE_METHOD_MATCH = YES;
				COPY_PHASE_STRIP = NO;
				DEBUG_INFORMATION_FORMAT = dwarf;
				ENABLE_STRICT_OBJC_MSGSEND = YES;
				ENABLE_TESTABILITY = YES;
				GCC_C_LANGUAGE_STANDARD = gnu11;
				GCC_DYNAMIC_NO_PIC = NO;
				GCC_NO_COMMON_BLOCKS = YES;
				GCC_OPTIMIZATION_LEVEL = 0;
				GCC_PREPROCESSOR_DEFINITIONS = (
					"DEBUG=1",
					"$(inherited)",
				);
				GCC_WARN_64_TO_32_BIT_CONVERSION = YES;
				GCC_WARN_ABOUT_RETURN_TYPE = YES_ERROR;
				GCC_WARN_UNDECLARED_SELECTOR = YES;
				GCC_WARN_UNINITIALIZED_AUTOS = YES_AGGRESSIVE;
				GCC_WARN_UNUSED_FUNCTION = YES;
				GCC_WARN_UNUSED_VARIABLE = YES;
				IPHONEOS_DEPLOYMENT_TARGET = 14.4;
				MTL_ENABLE_DEBUG_INFO = INCLUDE_SOURCE;
				MTL_FAST_MATH = YES;
				ONLY_ACTIVE_ARCH = YES;
				SDKROOT = iphoneos;
				SWIFT_ACTIVE_COMPILATION_CONDITIONS = DEBUG;
				SWIFT_OPTIMIZATION_LEVEL = "-Onone";
			};
			name = Debug;
		};
		043D4E2D26049F4200FA346A /* Release */ = {
			isa = XCBuildConfiguration;
			buildSettings = {
				ALWAYS_SEARCH_USER_PATHS = NO;
				CLANG_ANALYZER_NONNULL = YES;
				CLANG_ANALYZER_NUMBER_OBJECT_CONVERSION = YES_AGGRESSIVE;
				CLANG_CXX_LANGUAGE_STANDARD = "gnu++14";
				CLANG_CXX_LIBRARY = "libc++";
				CLANG_ENABLE_MODULES = YES;
				CLANG_ENABLE_OBJC_ARC = YES;
				CLANG_ENABLE_OBJC_WEAK = YES;
				CLANG_WARN_BLOCK_CAPTURE_AUTORELEASING = YES;
				CLANG_WARN_BOOL_CONVERSION = YES;
				CLANG_WARN_COMMA = YES;
				CLANG_WARN_CONSTANT_CONVERSION = YES;
				CLANG_WARN_DEPRECATED_OBJC_IMPLEMENTATIONS = YES;
				CLANG_WARN_DIRECT_OBJC_ISA_USAGE = YES_ERROR;
				CLANG_WARN_DOCUMENTATION_COMMENTS = YES;
				CLANG_WARN_EMPTY_BODY = YES;
				CLANG_WARN_ENUM_CONVERSION = YES;
				CLANG_WARN_INFINITE_RECURSION = YES;
				CLANG_WARN_INT_CONVERSION = YES;
				CLANG_WARN_NON_LITERAL_NULL_CONVERSION = YES;
				CLANG_WARN_OBJC_IMPLICIT_RETAIN_SELF = YES;
				CLANG_WARN_OBJC_LITERAL_CONVERSION = YES;
				CLANG_WARN_OBJC_ROOT_CLASS = YES_ERROR;
				CLANG_WARN_QUOTED_INCLUDE_IN_FRAMEWORK_HEADER = YES;
				CLANG_WARN_RANGE_LOOP_ANALYSIS = YES;
				CLANG_WARN_STRICT_PROTOTYPES = YES;
				CLANG_WARN_SUSPICIOUS_MOVE = YES;
				CLANG_WARN_UNGUARDED_AVAILABILITY = YES_AGGRESSIVE;
				CLANG_WARN_UNREACHABLE_CODE = YES;
				CLANG_WARN__DUPLICATE_METHOD_MATCH = YES;
				COPY_PHASE_STRIP = NO;
				DEBUG_INFORMATION_FORMAT = "dwarf-with-dsym";
				ENABLE_NS_ASSERTIONS = NO;
				ENABLE_STRICT_OBJC_MSGSEND = YES;
				GCC_C_LANGUAGE_STANDARD = gnu11;
				GCC_NO_COMMON_BLOCKS = YES;
				GCC_WARN_64_TO_32_BIT_CONVERSION = YES;
				GCC_WARN_ABOUT_RETURN_TYPE = YES_ERROR;
				GCC_WARN_UNDECLARED_SELECTOR = YES;
				GCC_WARN_UNINITIALIZED_AUTOS = YES_AGGRESSIVE;
				GCC_WARN_UNUSED_FUNCTION = YES;
				GCC_WARN_UNUSED_VARIABLE = YES;
				IPHONEOS_DEPLOYMENT_TARGET = 14.4;
				MTL_ENABLE_DEBUG_INFO = NO;
				MTL_FAST_MATH = YES;
				SDKROOT = iphoneos;
				SWIFT_COMPILATION_MODE = wholemodule;
				SWIFT_OPTIMIZATION_LEVEL = "-O";
				VALIDATE_PRODUCT = YES;
			};
			name = Release;
		};
		043D4E2F26049F4200FA346A /* Debug */ = {
			isa = XCBuildConfiguration;
			baseConfigurationReference = F04CAD913DCDF42E098631E6 /* Pods-VkNewsFeed.debug.xcconfig */;
			buildSettings = {
				ASSETCATALOG_COMPILER_APPICON_NAME = AppIcon;
				ASSETCATALOG_COMPILER_GLOBAL_ACCENT_COLOR_NAME = AccentColor;
				CODE_SIGN_STYLE = Automatic;
				FRAMEWORK_SEARCH_PATHS = (
					"$(inherited)",
					"$(PROJECT_DIR)/Carthage/Build/iOS",
				);
				INFOPLIST_FILE = VkNewsFeed/Info.plist;
				LD_RUNPATH_SEARCH_PATHS = (
					"$(inherited)",
					"@executable_path/Frameworks",
				);
				PRODUCT_BUNDLE_IDENTIFIER = com.galkin.VkNewsFeed;
				PRODUCT_NAME = "$(TARGET_NAME)";
				SWIFT_VERSION = 5.0;
				TARGETED_DEVICE_FAMILY = "1,2";
			};
			name = Debug;
		};
		043D4E3026049F4200FA346A /* Release */ = {
			isa = XCBuildConfiguration;
			baseConfigurationReference = 73E9A2D24142E94A0DB60588 /* Pods-VkNewsFeed.release.xcconfig */;
			buildSettings = {
				ASSETCATALOG_COMPILER_APPICON_NAME = AppIcon;
				ASSETCATALOG_COMPILER_GLOBAL_ACCENT_COLOR_NAME = AccentColor;
				CODE_SIGN_STYLE = Automatic;
				FRAMEWORK_SEARCH_PATHS = (
					"$(inherited)",
					"$(PROJECT_DIR)/Carthage/Build/iOS",
				);
				INFOPLIST_FILE = VkNewsFeed/Info.plist;
				LD_RUNPATH_SEARCH_PATHS = (
					"$(inherited)",
					"@executable_path/Frameworks",
				);
				PRODUCT_BUNDLE_IDENTIFIER = com.galkin.VkNewsFeed;
				PRODUCT_NAME = "$(TARGET_NAME)";
				SWIFT_VERSION = 5.0;
				TARGETED_DEVICE_FAMILY = "1,2";
			};
			name = Release;
		};
/* End XCBuildConfiguration section */

/* Begin XCConfigurationList section */
		043D4E1526049F4100FA346A /* Build configuration list for PBXProject "VkNewsFeed" */ = {
			isa = XCConfigurationList;
			buildConfigurations = (
				043D4E2C26049F4200FA346A /* Debug */,
				043D4E2D26049F4200FA346A /* Release */,
			);
			defaultConfigurationIsVisible = 0;
			defaultConfigurationName = Release;
		};
		043D4E2E26049F4200FA346A /* Build configuration list for PBXNativeTarget "VkNewsFeed" */ = {
			isa = XCConfigurationList;
			buildConfigurations = (
				043D4E2F26049F4200FA346A /* Debug */,
				043D4E3026049F4200FA346A /* Release */,
			);
			defaultConfigurationIsVisible = 0;
			defaultConfigurationName = Release;
		};
/* End XCConfigurationList section */
	};
	rootObject = 043D4E1226049F4100FA346A /* Project object */;
}
